{
  "name": "playwright-housewroks",
  "version": "1.0.0",
  "lockfileVersion": 1,
  "requires": true,
  "dependencies": {
    "@playwright/test": {
      "version": "1.41.2",
      "resolved": "https://registry.npmjs.org/@playwright/test/-/test-1.41.2.tgz",
      "integrity": "sha512-qQB9h7KbibJzrDpkXkYvsmiDJK14FULCCZgEcoe2AvFAS64oCirWTwzTlAYEbKaRxWs5TFesE1Na6izMv3HfGg==",
      "dev": true,
      "requires": {
        "playwright": "1.41.2"
      },
      "dependencies": {
        "playwright": {
          "version": "1.41.2",
          "resolved": "https://registry.npmjs.org/playwright/-/playwright-1.41.2.tgz",
          "integrity": "sha512-v0bOa6H2GJChDL8pAeLa/LZC4feoAMbSQm1/jF/ySsWWoaNItvrMP7GEkvEEFyCTUYKMxjQKaTSg5up7nR6/8A==",
          "dev": true,
          "requires": {
            "fsevents": "2.3.2",
            "playwright-core": "1.41.2"
          }
        }
      }
    },
    "@types/node": {
      "version": "20.8.10",
      "resolved": "https://registry.npmjs.org/@types/node/-/node-20.8.10.tgz",
      "integrity": "sha512-TlgT8JntpcbmKUFzjhsyhGfP2fsiz1Mv56im6enJ905xG1DAYesxJaeSbGqQmAw8OWPdhyJGhGSQGKRNJ45u9w==",
      "dev": true,
      "requires": {
        "undici-types": "~5.26.4"
      }
    },
    "fsevents": {
      "version": "2.3.2",
      "resolved": "https://registry.npmjs.org/fsevents/-/fsevents-2.3.2.tgz",
      "integrity": "sha512-xiqMQR4xAeHTuB9uWm+fFRcIOgKBMiOBP+eXiyT7jsgVCq1bkVygt00oASowB7EdtpOHaaPgKt812P9ab+DDKA==",
      "dev": true,
      "optional": true
    },
    "playwright-core": {
      "version": "1.41.2",
      "resolved": "https://registry.npmjs.org/playwright-core/-/playwright-core-1.41.2.tgz",
      "integrity": "sha512-VaTvwCA4Y8kxEe+kfm2+uUUw5Lubf38RxF7FpBxLPmGe5sdNkSg5e3ChEigaGrX7qdqT3pt2m/98LiyvU2x6CA==",
      "dev": true
    },
    "random-date-generator": {
      "version": "1.0.2",
      "resolved": "https://registry.npmjs.org/random-date-generator/-/random-date-generator-1.0.2.tgz",
      "integrity": "sha512-P3k5wArORVyKhu6h2UdnbPppEZOLwUdsh2uRYHU1R7ZYSWL3j0AYdyF/FH5vuRlfYKslcCMYuvJwWCqoTsAgmg=="
    },
    "undici-types": {
      "version": "5.26.5",
      "resolved": "https://registry.npmjs.org/undici-types/-/undici-types-5.26.5.tgz",
      "integrity": "sha512-JlCMO+ehdEIKqlFxk6IfVoAUVmgz7cU7zD/h9XZ0qzeosSHmUJVOzSQvvYSYWXkFXC+IfLKSIffhv0sVZup6pA==",
      "dev": true
    },
    "unique-names-generator": {
      "version": "4.7.1",
      "resolved": "https://registry.npmjs.org/unique-names-generator/-/unique-names-generator-4.7.1.tgz",
      "integrity": "sha512-lMx9dX+KRmG8sq6gulYYpKWZc9RlGsgBR6aoO8Qsm3qvkSJ+3rAymr+TnV8EDMrIrwuFJ4kruzMWM/OpYzPoow=="
    }
  }
}
